{
  "lockfileVersion": 1,
  "dependencies": {
    "lodash._getnative": {
      "version": "3.9.1",
      "resolved": "https://registry.npmjs.org/lodash._getnative/-/lodash._getnative-3.9.1.tgz",
      "integrity": "sha1-VwvH3t5G1hzc3mh9ZdPuy6o6r/U="
    },
    "lodash.debounce": {
      "version": "3.1.1",
      "resolved": "https://registry.npmjs.org/lodash.debounce/-/lodash.debounce-3.1.1.tgz",
      "integrity": "sha1-gSIRw3ipTMKdWqTjNGzwv846ffU="
    },
    "react-window-resize-listener": {
      "version": "1.1.0",
      "resolved": "https://registry.npmjs.org/react-window-resize-listener/-/react-window-resize-listener-1.1.0.tgz",
      "integrity": "sha1-Gv8AWejx9Y+Nhl+c4XsbH5xbJ38="
    }
  }
}
